{
  "name": "hd_quick_mock",
  "requires": true,
  "lockfileVersion": 1,
  "dependencies": {
    "@types/bson": {
      "version": "4.0.1",
      "resolved": "https://registry.npmjs.org/@types/bson/-/bson-4.0.1.tgz",
      "integrity": "sha512-K6VAEdLVJFBxKp8m5cRTbUfeZpuSvOuLKJLrgw9ANIXo00RiyGzgH4BKWWR4F520gV4tWmxG7q9sKQRVDuzrBw==",
      "dev": true,
      "requires": {
        "@types/node": "*"
      }
    },
    "@types/mongodb": {
      "version": "3.3.11",
      "resolved": "https://registry.npmjs.org/@types/mongodb/-/mongodb-3.3.11.tgz",
      "integrity": "sha512-i8mUMYzFYzUpH4a7IBbdOD/87/kyQHvOVAL8J8hvX+E6SQbPd83d+xkpPtRZlRELtjZFqyQMlEcxW+zfMw32vQ==",
      "dev": true,
      "requires": {
        "@types/bson": "*",
        "@types/node": "*"
      }
    },
    "@types/node": {
      "version": "12.12.14",
      "resolved": "https://registry.npmjs.org/@types/node/-/node-12.12.14.tgz",
      "integrity": "sha512-u/SJDyXwuihpwjXy7hOOghagLEV1KdAST6syfnOk6QZAMzZuWZqXy5aYYZbh8Jdpd4escVFP0MvftHNDb9pruA==",
      "dev": true
    }
  }
}
